
Microsoft Visual Studio Solution File, Format Version 12.00
# Visual Studio Version 16
VisualStudioVersion = 16.0.30404.54
MinimumVisualStudioVersion = 10.0.40219.1
Project("{9A19103F-16F7-4668-BE54-9A1E7A4F7556}") = "SimpleTestApp", "SimpleTestApp\SimpleTestApp.csproj", "{5AA68F9F-F67F-40EC-ADC0-FE86787890C4}"
EndProject
Project("{9A19103F-16F7-4668-BE54-9A1E7A4F7556}") = "UnitTests", "UnitTests\UnitTests.csproj", "{105EC2B7-4E39-431E-AA1C-0753CA1F448C}"
	ProjectSection(ProjectDependencies) = postProject
		{5AA68F9F-F67F-40EC-ADC0-FE86787890C4} = {5AA68F9F-F67F-40EC-ADC0-FE86787890C4}
	EndProjectSection
EndProject
Global
	GlobalSection(SolutionConfigurationPlatforms) = preSolution
		Debug|Any CPU = Debug|Any CPU
		Release|Any CPU = Release|Any CPU
	EndGlobalSection
	GlobalSection(ProjectConfigurationPlatforms) = postSolution
		{5AA68F9F-F67F-40EC-ADC0-FE86787890C4}.Debug|Any CPU.ActiveCfg = Debug|Any CPU
		{5AA68F9F-F67F-40EC-ADC0-FE86787890C4}.Debug|Any CPU.Build.0 = Debug|Any CPU
		{5AA68F9F-F67F-40EC-ADC0-FE86787890C4}.Release|Any CPU.ActiveCfg = Release|Any CPU
		{5AA68F9F-F67F-40EC-ADC0-FE86787890C4}.Release|Any CPU.Build.0 = Release|Any CPU
		{105EC2B7-4E39-431E-AA1C-0753CA1F448C}.Debug|Any CPU.ActiveCfg = Debug|Any CPU
		{105EC2B7-4E39-431E-AA1C-0753CA1F448C}.Debug|Any CPU.Build.0 = Debug|Any CPU
		{105EC2B7-4E39-431E-AA1C-0753CA1F448C}.Release|Any CPU.ActiveCfg = Release|Any CPU
		{105EC2B7-4E39-431E-AA1C-0753CA1F448C}.Release|Any CPU.Build.0 = Release|Any CPU
	EndGlobalSection
	GlobalSection(SolutionProperties) = preSolution
		HideSolutionNode = FALSE
	EndGlobalSection
	GlobalSection(ExtensibilityGlobals) = postSolution
		SolutionGuid = {7EF5B203-A048-4032-A3AB-63DCCE7048FF}
	EndGlobalSection
EndGlobal
